<?xml version="1.0" encoding="utf-8"?>
<Project ToolsVersion="4.0" xmlns="http://schemas.microsoft.com/developer/msbuild/2003">
  <ItemGroup>
    <Filter Include="Data">
      <UniqueIdentifier>{887f879e-ac4d-45e4-89b9-f9a8960b6288}</UniqueIdentifier>
    </Filter>
    <Filter Include="shaders">
      <UniqueIdentifier>{96d36d1e-6eed-43b1-a71a-5aed2e6aaade}</UniqueIdentifier>
    </Filter>
    <Filter Include="shaders\cbuffer">
      <UniqueIdentifier>{7dcbb083-88d7-483d-a2c8-55ea2de2c72b}</UniqueIdentifier>
    </Filter>
    <Filter Include="shaders\struct">
      <UniqueIdentifier>{8707d6f4-976f-4389-b86e-731f2b858065}</UniqueIdentifier>
    </Filter>
    <Filter Include="shaders\code">
      <UniqueIdentifier>{14dda2f8-6dfa-40f7-8d94-0d909584415f}</UniqueIdentifier>
    </Filter>
    <Filter Include="shaders\shaders">
      <UniqueIdentifier>{469c332f-e0de-4c82-bbda-68aadbabcb67}</UniqueIdentifier>
    </Filter>
    <Filter Include="Task">
      <UniqueIdentifier>{0c025bc3-9b6e-4af9-a7f7-5b396ad54d15}</UniqueIdentifier>
    </Filter>
    <Filter Include="header">
      <UniqueIdentifier>{a42bfd3a-d5ff-4083-9e21-539215fc41fb}</UniqueIdentifier>
    </Filter>
    <Filter Include="Task\source">
      <UniqueIdentifier>{8a3a7a98-64ff-4d5a-982d-f33d0a3a29d4}</UniqueIdentifier>
    </Filter>
    <Filter Include="Task\header">
      <UniqueIdentifier>{13ed7f0e-5442-4d75-823b-430028236fbd}</UniqueIdentifier>
    </Filter>
  </ItemGroup>
  <ItemGroup>
    <ClInclude Include="..\source\Tools.hpp">
      <Filter>header</Filter>
    </ClInclude>
    <ClInclude Include="..\source\Task\InitRayTracing.hpp">
      <Filter>Task\header</Filter>
    </ClInclude>
    <ClInclude Include="..\source\Task\InitScene.hpp">
      <Filter>Task\header</Filter>
    </ClInclude>
    <ClInclude Include="..\source\Task\InitTiming.hpp">
      <Filter>Task\header</Filter>
    </ClInclude>
    <ClInclude Include="..\source\Task\InitVisualRender.hpp">
      <Filter>Task\header</Filter>
    </ClInclude>
    <ClInclude Include="..\source\Task\PostProcess.hpp">
      <Filter>Task\header</Filter>
    </ClInclude>
    <ClInclude Include="..\source\Task\Prepare.hpp">
      <Filter>Task\header</Filter>
    </ClInclude>
    <ClInclude Include="..\source\Task\Present.hpp">
      <Filter>Task\header</Filter>
    </ClInclude>
    <ClInclude Include="..\source\Task\RayTrace.hpp">
      <Filter>Task\header</Filter>
    </ClInclude>
    <ClInclude Include="..\source\Task\RenderLights.hpp">
      <Filter>Task\header</Filter>
    </ClInclude>
    <ClInclude Include="..\source\Task\RenderVisuals.hpp">
      <Filter>Task\header</Filter>
    </ClInclude>
    <ClInclude Include="..\source\Task\CrunchPhysics.hpp">
      <Filter>Task\header</Filter>
    </ClInclude>
    <ClInclude Include="..\source\Task\DeriveCamera.hpp">
      <Filter>Task\header</Filter>
    </ClInclude>
    <ClInclude Include="..\source\Task\DerivePlayerState.hpp">
      <Filter>Task\header</Filter>
    </ClInclude>
    <ClInclude Include="..\source\Task\GetInput.hpp">
      <Filter>Task\header</Filter>
    </ClInclude>
    <ClInclude Include="..\source\Task\GetTiming.hpp">
      <Filter>Task\header</Filter>
    </ClInclude>
    <ClInclude Include="..\source\Task\InitGraphics.hpp">
      <Filter>Task\header</Filter>
    </ClInclude>
    <ClInclude Include="..\source\Task\InitInput.hpp">
      <Filter>Task\header</Filter>
    </ClInclude>
    <ClInclude Include="..\source\Task\InitLightRender.hpp">
      <Filter>Task\header</Filter>
    </ClInclude>
    <ClInclude Include="..\source\Task\InitOIT.hpp">
      <Filter>Task\header</Filter>
    </ClInclude>
    <ClInclude Include="..\source\Task\InitPhysics.hpp">
      <Filter>Task\header</Filter>
    </ClInclude>
    <ClInclude Include="..\source\Task\InitPlayer.hpp">
      <Filter>Task\header</Filter>
    </ClInclude>
    <ClInclude Include="..\source\Task\InitPostProcess.hpp">
      <Filter>Task\header</Filter>
    </ClInclude>
    <ClInclude Include="..\source\IPtr.hpp">
      <Filter>header</Filter>
    </ClInclude>
    <ClInclude Include="..\source\Matrix.hpp">
      <Filter>header</Filter>
    </ClInclude>
    <ClInclude Include="..\source\OK.hpp">
      <Filter>header</Filter>
    </ClInclude>
    <ClInclude Include="..\source\CBufferLayouts.hpp">
      <Filter>header</Filter>
    </ClInclude>
    <ClInclude Include="..\source\LoadShader.hpp">
      <Filter>header</Filter>
    </ClInclude>
    <ClInclude Include="..\source\Data\CBuffer.hpp">
      <Filter>Data</Filter>
    </ClInclude>
    <ClInclude Include="..\source\Data\DeviceState.hpp">
      <Filter>Data</Filter>
    </ClInclude>
    <ClInclude Include="..\source\Data\Geometries.hpp">
      <Filter>Data</Filter>
    </ClInclude>
    <ClInclude Include="..\source\Data\GraphicsState.hpp">
      <Filter>Data</Filter>
    </ClInclude>
    <ClInclude Include="..\source\Data\InputData.hpp">
      <Filter>Data</Filter>
    </ClInclude>
    <ClInclude Include="..\source\Data\LightRenderInfo.hpp">
      <Filter>Data</Filter>
    </ClInclude>
    <ClInclude Include="..\source\Data\Lights.hpp">
      <Filter>Data</Filter>
    </ClInclude>
    <ClInclude Include="..\source\Data\PhysicsState.hpp">
      <Filter>Data</Filter>
    </ClInclude>
    <ClInclude Include="..\source\Data\PlayerState.hpp">
      <Filter>Data</Filter>
    </ClInclude>
    <ClInclude Include="..\source\Data\PostProcessInfo.hpp">
      <Filter>Data</Filter>
    </ClInclude>
    <ClInclude Include="..\source\Data\RayTracingInfo.hpp">
      <Filter>Data</Filter>
    </ClInclude>
    <ClInclude Include="..\source\Data\ShaderCache.hpp">
      <Filter>Data</Filter>
    </ClInclude>
    <ClInclude Include="..\source\Data\TimingData.hpp">
      <Filter>Data</Filter>
    </ClInclude>
    <ClInclude Include="..\source\Data\Transforms.hpp">
      <Filter>Data</Filter>
    </ClInclude>
    <ClInclude Include="..\source\Data\UBuffer.hpp">
      <Filter>Data</Filter>
    </ClInclude>
    <ClInclude Include="..\source\Data\VisualRenderInfo.hpp">
      <Filter>Data</Filter>
    </ClInclude>
    <ClInclude Include="..\source\Data\Visuals.hpp">
      <Filter>Data</Filter>
    </ClInclude>
    <ClInclude Include="..\source\Data\ZBuffer.hpp">
      <Filter>Data</Filter>
    </ClInclude>
    <ClInclude Include="..\source\Data\Buffer.hpp">
      <Filter>Data</Filter>
    </ClInclude>
    <ClInclude Include="..\source\Data\Camera.hpp">
      <Filter>Data</Filter>
    </ClInclude>
    <ClInclude Include="..\source\Task.hpp">
      <Filter>header</Filter>
    </ClInclude>
  </ItemGroup>
  <ItemGroup>
    <ClCompile Include="..\source\Main.cpp" />
    <ClCompile Include="..\source\Tools.cpp" />
    <ClCompile Include="..\source\LoadShader.cpp" />
    <ClCompile Include="..\source\Task\GetInput.cpp">
      <Filter>Task\source</Filter>
    </ClCompile>
    <ClCompile Include="..\source\Task\GetTiming.cpp">
      <Filter>Task\source</Filter>
    </ClCompile>
    <ClCompile Include="..\source\Task\InitGraphics.cpp">
      <Filter>Task\source</Filter>
    </ClCompile>
    <ClCompile Include="..\source\Task\InitInput.cpp">
      <Filter>Task\source</Filter>
    </ClCompile>
    <ClCompile Include="..\source\Task\InitLightRender.cpp">
      <Filter>Task\source</Filter>
    </ClCompile>
    <ClCompile Include="..\source\Task\InitOIT.cpp">
      <Filter>Task\source</Filter>
    </ClCompile>
    <ClCompile Include="..\source\Task\InitPhysics.cpp">
      <Filter>Task\source</Filter>
    </ClCompile>
    <ClCompile Include="..\source\Task\InitPlayer.cpp">
      <Filter>Task\source</Filter>
    </ClCompile>
    <ClCompile Include="..\source\Task\InitPostProcess.cpp">
      <Filter>Task\source</Filter>
    </ClCompile>
    <ClCompile Include="..\source\Task\InitRayTracing.cpp">
      <Filter>Task\source</Filter>
    </ClCompile>
    <ClCompile Include="..\source\Task\InitScene.cpp">
      <Filter>Task\source</Filter>
    </ClCompile>
    <ClCompile Include="..\source\Task\InitTiming.cpp">
      <Filter>Task\source</Filter>
    </ClCompile>
    <ClCompile Include="..\source\Task\InitVisualRender.cpp">
      <Filter>Task\source</Filter>
    </ClCompile>
    <ClCompile Include="..\source\Task\PostProcess.cpp">
      <Filter>Task\source</Filter>
    </ClCompile>
    <ClCompile Include="..\source\Task\Prepare.cpp">
      <Filter>Task\source</Filter>
    </ClCompile>
    <ClCompile Include="..\source\Task\Present.cpp">
      <Filter>Task\source</Filter>
    </ClCompile>
    <ClCompile Include="..\source\Task\RayTrace.cpp">
      <Filter>Task\source</Filter>
    </ClCompile>
    <ClCompile Include="..\source\Task\RenderLights.cpp">
      <Filter>Task\source</Filter>
    </ClCompile>
    <ClCompile Include="..\source\Task\RenderVisuals.cpp">
      <Filter>Task\source</Filter>
    </ClCompile>
    <ClCompile Include="..\source\Task\CrunchPhysics.cpp">
      <Filter>Task\source</Filter>
    </ClCompile>
    <ClCompile Include="..\source\Task\DeriveCamera.cpp">
      <Filter>Task\source</Filter>
    </ClCompile>
    <ClCompile Include="..\source\Task\DerivePlayerState.cpp">
      <Filter>Task\source</Filter>
    </ClCompile>
  </ItemGroup>
  <ItemGroup>
    <None Include="..\shaders\cbuffer\object">
      <Filter>shaders\cbuffer</Filter>
    </None>
    <None Include="..\shaders\cbuffer\object_cube_z">
      <Filter>shaders\cbuffer</Filter>
    </None>
    <None Include="..\shaders\cbuffer\object_z">
      <Filter>shaders\cbuffer</Filter>
    </None>
    <None Include="..\shaders\cbuffer\frame">
      <Filter>shaders\cbuffer</Filter>
    </None>
    <None Include="..\shaders\cbuffer\light">
      <Filter>shaders\cbuffer</Filter>
    </None>
    <None Include="..\shaders\struct\Empty">
      <Filter>shaders\struct</Filter>
    </None>
    <None Include="..\shaders\code\uv_to_ray">
      <Filter>shaders\code</Filter>
    </None>
    <None Include="..\shaders\cbuffer\tracy">
      <Filter>shaders\cbuffer</Filter>
    </None>
    <None Include="..\shaders\vs_render_z.hlsl">
      <Filter>shaders\shaders</Filter>
    </None>
    <None Include="..\shaders\gs_dir_light.hlsl">
      <Filter>shaders\shaders</Filter>
    </None>
    <None Include="..\shaders\gs_fullscreen.hlsl">
      <Filter>shaders\shaders</Filter>
    </None>
    <None Include="..\shaders\gs_point_light.hlsl">
      <Filter>shaders\shaders</Filter>
    </None>
    <None Include="..\shaders\gs_render_cube_z.hlsl">
      <Filter>shaders\shaders</Filter>
    </None>
    <None Include="..\shaders\ps_dir_light.hlsl">
      <Filter>shaders\shaders</Filter>
    </None>
    <None Include="..\shaders\ps_final.hlsl">
      <Filter>shaders\shaders</Filter>
    </None>
    <None Include="..\shaders\ps_point_light.hlsl">
      <Filter>shaders\shaders</Filter>
    </None>
    <None Include="..\shaders\ps_render.hlsl">
      <Filter>shaders\shaders</Filter>
    </None>
    <None Include="..\shaders\ps_tracy.hlsl">
      <Filter>shaders\shaders</Filter>
    </None>
    <None Include="..\shaders\vs_noop.hlsl">
      <Filter>shaders\shaders</Filter>
    </None>
    <None Include="..\shaders\vs_render.hlsl">
      <Filter>shaders\shaders</Filter>
    </None>
    <None Include="..\shaders\vs_render_cube_z.hlsl">
      <Filter>shaders\shaders</Filter>
    </None>
    <None Include="..\shaders\gs_infinite_plane.hlsl">
      <Filter>shaders\shaders</Filter>
    </None>
    <None Include="..\shaders\struct\VPosition">
      <Filter>shaders\struct</Filter>
    </None>
    <None Include="..\shaders\struct\VPositionNormal">
      <Filter>shaders\struct</Filter>
    </None>
    <None Include="..\shaders\struct\PPosition">
      <Filter>shaders\struct</Filter>
    </None>
    <None Include="..\shaders\struct\PPositionNormal">
      <Filter>shaders\struct</Filter>
    </None>
    <None Include="..\shaders\code\common_light">
      <Filter>shaders\code</Filter>
    </None>
    <None Include="..\shaders\struct\OITFragment">
      <Filter>shaders\struct</Filter>
    </None>
    <None Include="..\shaders\code\f16x2">
      <Filter>shaders\code</Filter>
    </None>
    <None Include="..\shaders\code\u8x4">
      <Filter>shaders\code</Filter>
    </None>
    <None Include="..\shaders\code\normal">
      <Filter>shaders\code</Filter>
    </None>
    <None Include="..\shaders\code\sort4">
      <Filter>shaders\code</Filter>
    </None>
    <None Include="..\shaders\ps_skylight.hlsl">
      <Filter>shaders\shaders</Filter>
    </None>
    <None Include="..\shaders\ps_oit_consolidate.hlsl">
      <Filter>shaders\shaders</Filter>
    </None>
    <None Include="..\shaders\code\u8x2_u16">
      <Filter>shaders\code</Filter>
    </None>
    <None Include="..\shaders\code\u8_u24">
      <Filter>shaders\code</Filter>
    </None>
    <None Include="..\shaders\code\u16x2">
      <Filter>shaders\code</Filter>
    </None>
  </ItemGroup>
</Project>