<?xml version="1.0" encoding="utf-8"?>
<Project ToolsVersion="4.0" xmlns="http://schemas.microsoft.com/developer/msbuild/2003">
  <ItemGroup>
    <Filter Include="Code">
      <UniqueIdentifier>{0c025bc3-9b6e-4af9-a7f7-5b396ad54d15}</UniqueIdentifier>
    </Filter>
    <Filter Include="Data">
      <UniqueIdentifier>{887f879e-ac4d-45e4-89b9-f9a8960b6288}</UniqueIdentifier>
    </Filter>
    <Filter Include="Header">
      <UniqueIdentifier>{a42bfd3a-d5ff-4083-9e21-539215fc41fb}</UniqueIdentifier>
    </Filter>
    <Filter Include="shaders">
      <UniqueIdentifier>{96d36d1e-6eed-43b1-a71a-5aed2e6aaade}</UniqueIdentifier>
    </Filter>
    <Filter Include="shaders\cbuffer">
      <UniqueIdentifier>{7dcbb083-88d7-483d-a2c8-55ea2de2c72b}</UniqueIdentifier>
    </Filter>
    <Filter Include="shaders\struct">
      <UniqueIdentifier>{8707d6f4-976f-4389-b86e-731f2b858065}</UniqueIdentifier>
    </Filter>
    <Filter Include="shaders\code">
      <UniqueIdentifier>{14dda2f8-6dfa-40f7-8d94-0d909584415f}</UniqueIdentifier>
    </Filter>
    <Filter Include="shaders\shaders">
      <UniqueIdentifier>{469c332f-e0de-4c82-bbda-68aadbabcb67}</UniqueIdentifier>
    </Filter>
  </ItemGroup>
  <ItemGroup>
    <ClInclude Include="..\source\GraphicsState.hpp">
      <Filter>Data</Filter>
    </ClInclude>
    <ClInclude Include="..\source\LightRenderInfo.hpp">
      <Filter>Data</Filter>
    </ClInclude>
    <ClInclude Include="..\source\Lights.hpp">
      <Filter>Data</Filter>
    </ClInclude>
    <ClInclude Include="..\source\PhysicsState.hpp">
      <Filter>Data</Filter>
    </ClInclude>
    <ClInclude Include="..\source\PlayerState.hpp">
      <Filter>Data</Filter>
    </ClInclude>
    <ClInclude Include="..\source\TimingData.hpp">
      <Filter>Data</Filter>
    </ClInclude>
    <ClInclude Include="..\source\Transforms.hpp">
      <Filter>Data</Filter>
    </ClInclude>
    <ClInclude Include="..\source\VisualRenderInfo.hpp">
      <Filter>Data</Filter>
    </ClInclude>
    <ClInclude Include="..\source\Visuals.hpp">
      <Filter>Data</Filter>
    </ClInclude>
    <ClInclude Include="..\source\ZBuffer.hpp">
      <Filter>Data</Filter>
    </ClInclude>
    <ClInclude Include="..\source\InputData.hpp">
      <Filter>Data</Filter>
    </ClInclude>
    <ClInclude Include="..\source\Camera.hpp">
      <Filter>Data</Filter>
    </ClInclude>
    <ClInclude Include="..\source\Buffer.hpp">
      <Filter>Data</Filter>
    </ClInclude>
    <ClInclude Include="..\source\IPtr.h">
      <Filter>Header</Filter>
    </ClInclude>
    <ClInclude Include="..\source\Matrix.h">
      <Filter>Header</Filter>
    </ClInclude>
    <ClInclude Include="..\source\OK.h">
      <Filter>Header</Filter>
    </ClInclude>
    <ClInclude Include="..\source\DeviceState.hpp">
      <Filter>Data</Filter>
    </ClInclude>
    <ClInclude Include="..\source\CBuffer.hpp">
      <Filter>Data</Filter>
    </ClInclude>
    <ClInclude Include="..\source\CBufferLayouts.hpp" />
    <ClInclude Include="..\source\PostProcessInfo.hpp">
      <Filter>Data</Filter>
    </ClInclude>
    <ClInclude Include="..\source\Geometries.hpp">
      <Filter>Data</Filter>
    </ClInclude>
    <ClInclude Include="..\source\RayTracingInfo.hpp">
      <Filter>Data</Filter>
    </ClInclude>
    <ClInclude Include="..\source\ShaderCache.hpp">
      <Filter>Data</Filter>
    </ClInclude>
    <ClInclude Include="..\source\Tools.hpp">
      <Filter>Header</Filter>
    </ClInclude>
    <ClInclude Include="..\source\UBuffer.hpp">
      <Filter>Data</Filter>
    </ClInclude>
    <ClInclude Include="..\source\LoadShader.hpp">
      <Filter>Code</Filter>
    </ClInclude>
  </ItemGroup>
  <ItemGroup>
    <ClCompile Include="..\source\CrunchPhysics.cpp">
      <Filter>Code</Filter>
    </ClCompile>
    <ClCompile Include="..\source\DerivePlayerState.cpp">
      <Filter>Code</Filter>
    </ClCompile>
    <ClCompile Include="..\source\GetInput.cpp">
      <Filter>Code</Filter>
    </ClCompile>
    <ClCompile Include="..\source\GetTiming.cpp">
      <Filter>Code</Filter>
    </ClCompile>
    <ClCompile Include="..\source\InitGraphics.cpp">
      <Filter>Code</Filter>
    </ClCompile>
    <ClCompile Include="..\source\InitPhysics.cpp">
      <Filter>Code</Filter>
    </ClCompile>
    <ClCompile Include="..\source\InitScene.cpp">
      <Filter>Code</Filter>
    </ClCompile>
    <ClCompile Include="..\source\InitTiming.cpp">
      <Filter>Code</Filter>
    </ClCompile>
    <ClCompile Include="..\source\PostProcess.cpp">
      <Filter>Code</Filter>
    </ClCompile>
    <ClCompile Include="..\source\Present.cpp">
      <Filter>Code</Filter>
    </ClCompile>
    <ClCompile Include="..\source\RenderLights.cpp">
      <Filter>Code</Filter>
    </ClCompile>
    <ClCompile Include="..\source\RenderVisuals.cpp">
      <Filter>Code</Filter>
    </ClCompile>
    <ClCompile Include="..\source\InitInput.cpp">
      <Filter>Code</Filter>
    </ClCompile>
    <ClCompile Include="..\source\Main.cpp" />
    <ClCompile Include="..\source\DeriveCamera.cpp">
      <Filter>Code</Filter>
    </ClCompile>
    <ClCompile Include="..\source\Prepare.cpp">
      <Filter>Code</Filter>
    </ClCompile>
    <ClCompile Include="..\source\RayTrace.cpp">
      <Filter>Code</Filter>
    </ClCompile>
    <ClCompile Include="..\source\InitPlayer.cpp">
      <Filter>Code</Filter>
    </ClCompile>
    <ClCompile Include="..\source\InitCBuffer.cpp">
      <Filter>Code</Filter>
    </ClCompile>
    <ClCompile Include="..\source\InitRayTracing.cpp">
      <Filter>Code</Filter>
    </ClCompile>
    <ClCompile Include="..\source\InitVisualRender.cpp">
      <Filter>Code</Filter>
    </ClCompile>
    <ClCompile Include="..\source\InitLightRender.cpp">
      <Filter>Code</Filter>
    </ClCompile>
    <ClCompile Include="..\source\InitPostProcess.cpp">
      <Filter>Code</Filter>
    </ClCompile>
    <ClCompile Include="..\source\LoadShader.cpp">
      <Filter>Code</Filter>
    </ClCompile>
    <ClCompile Include="..\source\Tools.cpp">
      <Filter>Code</Filter>
    </ClCompile>
    <ClCompile Include="..\source\InitOIT.cpp">
      <Filter>Code</Filter>
    </ClCompile>
  </ItemGroup>
  <ItemGroup>
    <None Include="..\shaders\cbuffer\object">
      <Filter>shaders\cbuffer</Filter>
    </None>
    <None Include="..\shaders\cbuffer\object_cube_z">
      <Filter>shaders\cbuffer</Filter>
    </None>
    <None Include="..\shaders\cbuffer\object_z">
      <Filter>shaders\cbuffer</Filter>
    </None>
    <None Include="..\shaders\cbuffer\frame">
      <Filter>shaders\cbuffer</Filter>
    </None>
    <None Include="..\shaders\cbuffer\light">
      <Filter>shaders\cbuffer</Filter>
    </None>
    <None Include="..\shaders\struct\Empty">
      <Filter>shaders\struct</Filter>
    </None>
    <None Include="..\shaders\code\uv_to_ray">
      <Filter>shaders\code</Filter>
    </None>
    <None Include="..\shaders\cbuffer\tracy">
      <Filter>shaders\cbuffer</Filter>
    </None>
    <None Include="..\shaders\vs_render_z.hlsl">
      <Filter>shaders\shaders</Filter>
    </None>
    <None Include="..\shaders\gs_dir_light.hlsl">
      <Filter>shaders\shaders</Filter>
    </None>
    <None Include="..\shaders\gs_fullscreen.hlsl">
      <Filter>shaders\shaders</Filter>
    </None>
    <None Include="..\shaders\gs_point_light.hlsl">
      <Filter>shaders\shaders</Filter>
    </None>
    <None Include="..\shaders\gs_render_cube_z.hlsl">
      <Filter>shaders\shaders</Filter>
    </None>
    <None Include="..\shaders\ps_dir_light.hlsl">
      <Filter>shaders\shaders</Filter>
    </None>
    <None Include="..\shaders\ps_final.hlsl">
      <Filter>shaders\shaders</Filter>
    </None>
    <None Include="..\shaders\ps_point_light.hlsl">
      <Filter>shaders\shaders</Filter>
    </None>
    <None Include="..\shaders\ps_render.hlsl">
      <Filter>shaders\shaders</Filter>
    </None>
    <None Include="..\shaders\ps_tracy.hlsl">
      <Filter>shaders\shaders</Filter>
    </None>
    <None Include="..\shaders\vs_noop.hlsl">
      <Filter>shaders\shaders</Filter>
    </None>
    <None Include="..\shaders\vs_render.hlsl">
      <Filter>shaders\shaders</Filter>
    </None>
    <None Include="..\shaders\vs_render_cube_z.hlsl">
      <Filter>shaders\shaders</Filter>
    </None>
    <None Include="..\shaders\gs_infinite_plane.hlsl">
      <Filter>shaders\shaders</Filter>
    </None>
    <None Include="..\shaders\struct\VPosition">
      <Filter>shaders\struct</Filter>
    </None>
    <None Include="..\shaders\struct\VPositionNormal">
      <Filter>shaders\struct</Filter>
    </None>
    <None Include="..\shaders\struct\PPosition">
      <Filter>shaders\struct</Filter>
    </None>
    <None Include="..\shaders\struct\PPositionNormal">
      <Filter>shaders\struct</Filter>
    </None>
    <None Include="..\shaders\code\common_light">
      <Filter>shaders\code</Filter>
    </None>
    <None Include="..\shaders\struct\OITFragment">
      <Filter>shaders\struct</Filter>
    </None>
    <None Include="..\shaders\code\f16x2">
      <Filter>shaders\code</Filter>
    </None>
    <None Include="..\shaders\code\u8x4">
      <Filter>shaders\code</Filter>
    </None>
    <None Include="..\shaders\code\normal">
      <Filter>shaders\code</Filter>
    </None>
    <None Include="..\shaders\code\u8x2_f16">
      <Filter>shaders\code</Filter>
    </None>
    <None Include="..\shaders\code\sort4">
      <Filter>shaders\code</Filter>
    </None>
    <None Include="..\shaders\ps_skylight.hlsl">
      <Filter>shaders\shaders</Filter>
    </None>
    <None Include="..\shaders\ps_oit_consolidate.hlsl">
      <Filter>shaders\shaders</Filter>
    </None>
  </ItemGroup>
</Project>